
Microsoft Visual Studio Solution File, Format Version 12.00
# Visual Studio Version 16
VisualStudioVersion = 16.0.29519.87
MinimumVisualStudioVersion = 10.0.40219.1
Project("{FAE04EC0-301F-11D3-BF4B-00C04F79EFBC}") = "Gay Stealer", "Discord Webhook save.dat stealer\Gay Stealer.csproj", "{CA80E13C-404D-4FE7-8C40-D04DCB2FC724}"
EndProject
Global
	GlobalSection(SolutionConfigurationPlatforms) = preSolution
		Debug|Any CPU = Debug|Any CPU
		Release|Any CPU = Release|Any CPU
	EndGlobalSection
	GlobalSection(ProjectConfigurationPlatforms) = postSolution
		{CA80E13C-404D-4FE7-8C40-D04DCB2FC724}.Debug|Any CPU.ActiveCfg = Debug|Any CPU
		{CA80E13C-404D-4FE7-8C40-D04DCB2FC724}.Debug|Any CPU.Build.0 = Debug|Any CPU
		{CA80E13C-404D-4FE7-8C40-D04DCB2FC724}.Release|Any CPU.ActiveCfg = Release|Any CPU
		{CA80E13C-404D-4FE7-8C40-D04DCB2FC724}.Release|Any CPU.Build.0 = Release|Any CPU
	EndGlobalSection
	GlobalSection(SolutionProperties) = preSolution
		HideSolutionNode = FALSE
	EndGlobalSection
	GlobalSection(ExtensibilityGlobals) = postSolution
		SolutionGuid = {99C18EEC-A4BD-478D-BB4F-870B7AE9A0C9}
	EndGlobalSection
EndGlobal
